
Microsoft Visual Studio Solution File, Format Version 12.00
# Visual Studio 15
VisualStudioVersion = 15.0.27004.2005
MinimumVisualStudioVersion = 10.0.40219.1
Project("{9A19103F-16F7-4668-BE54-9A1E7A4F7556}") = "src", "src\src.csproj", "{F06A37F1-191A-4082-9999-EE92B7B59312}"
EndProject
Project("{2150E333-8FDC-42A3-9474-1A3956D46DE8}") = "Solution Items", "Solution Items", "{5A879906-38C3-47E1-BBBD-6B2729FDA292}"
	ProjectSection(SolutionItems) = preProject
		.gitattributes = .gitattributes
		.gitignore = .gitignore
	EndProjectSection
EndProject
Global
	GlobalSection(SolutionConfigurationPlatforms) = preSolution
		Debug|Any CPU = Debug|Any CPU
		Release|Any CPU = Release|Any CPU
	EndGlobalSection
	GlobalSection(ProjectConfigurationPlatforms) = postSolution
		{F06A37F1-191A-4082-9999-EE92B7B59312}.Debug|Any CPU.ActiveCfg = Debug|Any CPU
		{F06A37F1-191A-4082-9999-EE92B7B59312}.Debug|Any CPU.Build.0 = Debug|Any CPU
		{F06A37F1-191A-4082-9999-EE92B7B59312}.Release|Any CPU.ActiveCfg = Release|Any CPU
		{F06A37F1-191A-4082-9999-EE92B7B59312}.Release|Any CPU.Build.0 = Release|Any CPU
	EndGlobalSection
	GlobalSection(SolutionProperties) = preSolution
		HideSolutionNode = FALSE
	EndGlobalSection
	GlobalSection(ExtensibilityGlobals) = postSolution
		SolutionGuid = {87E49393-8404-46D4-8C2F-DC844676C50E}
	EndGlobalSection
EndGlobal
