
Microsoft Visual Studio Solution File, Format Version 12.00
# Visual Studio Version 16
VisualStudioVersion = 16.0.29230.47
MinimumVisualStudioVersion = 10.0.40219.1
Project("{9A19103F-16F7-4668-BE54-9A1E7A4F7556}") = "Inspector", "src\Inspector.csproj", "{F06A37F1-191A-4082-9999-EE92B7B59312}"
EndProject
Project("{2150E333-8FDC-42A3-9474-1A3956D46DE8}") = "Solution Items", "Solution Items", "{5A879906-38C3-47E1-BBBD-6B2729FDA292}"
	ProjectSection(SolutionItems) = preProject
		modules\csharp.editorconfig\.editorconfig = modules\csharp.editorconfig\.editorconfig
		.gitattributes = .gitattributes
		.gitignore = .gitignore
		appveyor.yml = appveyor.yml
		build.ps1 = build.ps1
		modules\csharp.editorconfig\directory.build.props = modules\csharp.editorconfig\directory.build.props
		Inspector.snk = Inspector.snk
		test.ps1 = test.ps1
	EndProjectSection
EndProject
Project("{9A19103F-16F7-4668-BE54-9A1E7A4F7556}") = "Inspector.Tests", "tst\Inspector.Tests.csproj", "{D5F1D174-659E-4659-915E-B386CBF56853}"
EndProject
Project("{9A19103F-16F7-4668-BE54-9A1E7A4F7556}") = "Inspector.Scenarios", "scenarios\Inspector.Scenarios.csproj", "{DB719733-379E-48F4-9157-25C3856D4742}"
EndProject
Global
	GlobalSection(SolutionConfigurationPlatforms) = preSolution
		Debug|Any CPU = Debug|Any CPU
		Release|Any CPU = Release|Any CPU
	EndGlobalSection
	GlobalSection(ProjectConfigurationPlatforms) = postSolution
		{F06A37F1-191A-4082-9999-EE92B7B59312}.Debug|Any CPU.ActiveCfg = Debug|Any CPU
		{F06A37F1-191A-4082-9999-EE92B7B59312}.Debug|Any CPU.Build.0 = Debug|Any CPU
		{F06A37F1-191A-4082-9999-EE92B7B59312}.Release|Any CPU.ActiveCfg = Release|Any CPU
		{F06A37F1-191A-4082-9999-EE92B7B59312}.Release|Any CPU.Build.0 = Release|Any CPU
		{D5F1D174-659E-4659-915E-B386CBF56853}.Debug|Any CPU.ActiveCfg = Debug|Any CPU
		{D5F1D174-659E-4659-915E-B386CBF56853}.Debug|Any CPU.Build.0 = Debug|Any CPU
		{D5F1D174-659E-4659-915E-B386CBF56853}.Release|Any CPU.ActiveCfg = Release|Any CPU
		{D5F1D174-659E-4659-915E-B386CBF56853}.Release|Any CPU.Build.0 = Release|Any CPU
		{DB719733-379E-48F4-9157-25C3856D4742}.Debug|Any CPU.ActiveCfg = Debug|Any CPU
		{DB719733-379E-48F4-9157-25C3856D4742}.Debug|Any CPU.Build.0 = Debug|Any CPU
		{DB719733-379E-48F4-9157-25C3856D4742}.Release|Any CPU.ActiveCfg = Release|Any CPU
		{DB719733-379E-48F4-9157-25C3856D4742}.Release|Any CPU.Build.0 = Release|Any CPU
	EndGlobalSection
	GlobalSection(SolutionProperties) = preSolution
		HideSolutionNode = FALSE
	EndGlobalSection
	GlobalSection(ExtensibilityGlobals) = postSolution
		SolutionGuid = {87E49393-8404-46D4-8C2F-DC844676C50E}
	EndGlobalSection
EndGlobal
